
Microsoft Visual Studio Solution File, Format Version 12.00
# Visual Studio 2012
Project("{FAE04EC0-301F-11D3-BF4B-00C04F79EFBC}") = "UnityVS.Assignment 4.CSharp", "UnityVS.Assignment 4.CSharp.csproj", "{89B98E43-6904-7688-539D-BB506D6F4831}"
EndProject
Project("{FAE04EC0-301F-11D3-BF4B-00C04F79EFBC}") = "UnityVS.Assignment 4.CSharp.Editor", "UnityVS.Assignment 4.CSharp.Editor.csproj", "{B75C5B99-B8E5-D534-E83A-CAA0386720D1}"
EndProject
Global
	GlobalSection(SolutionConfigurationPlatforms) = preSolution
		Debug|Any CPU = Debug|Any CPU
		Release|Any CPU = Release|Any CPU
	EndGlobalSection
	GlobalSection(ProjectConfigurationPlatforms) = postSolution
		{89B98E43-6904-7688-539D-BB506D6F4831}.Debug|Any CPU.ActiveCfg = Debug|Any CPU
		{89B98E43-6904-7688-539D-BB506D6F4831}.Debug|Any CPU.Build.0 = Debug|Any CPU
		{89B98E43-6904-7688-539D-BB506D6F4831}.Release|Any CPU.ActiveCfg = Release|Any CPU
		{89B98E43-6904-7688-539D-BB506D6F4831}.Release|Any CPU.Build.0 = Release|Any CPU
		{B75C5B99-B8E5-D534-E83A-CAA0386720D1}.Debug|Any CPU.ActiveCfg = Debug|Any CPU
		{B75C5B99-B8E5-D534-E83A-CAA0386720D1}.Debug|Any CPU.Build.0 = Debug|Any CPU
		{B75C5B99-B8E5-D534-E83A-CAA0386720D1}.Release|Any CPU.ActiveCfg = Release|Any CPU
		{B75C5B99-B8E5-D534-E83A-CAA0386720D1}.Release|Any CPU.Build.0 = Release|Any CPU
	EndGlobalSection
	GlobalSection(SolutionProperties) = preSolution
		HideSolutionNode = FALSE
	EndGlobalSection
EndGlobal
